
Microsoft Visual Studio Solution File, Format Version 12.00
Project("{F2A71F9B-5D33-465A-A702-920D77279786}") = "FSync", "FSync\FSync.fsproj", "{3545422E-4190-4CBC-8345-8822BA0C048B}"
EndProject
Global
	GlobalSection(SolutionConfigurationPlatforms) = preSolution
		Debug|Any CPU = Debug|Any CPU
		Release|Any CPU = Release|Any CPU
	EndGlobalSection
	GlobalSection(ProjectConfigurationPlatforms) = postSolution
		{3545422E-4190-4CBC-8345-8822BA0C048B}.Debug|Any CPU.ActiveCfg = Debug|Any CPU
		{3545422E-4190-4CBC-8345-8822BA0C048B}.Debug|Any CPU.Build.0 = Debug|Any CPU
		{3545422E-4190-4CBC-8345-8822BA0C048B}.Release|Any CPU.ActiveCfg = Release|Any CPU
		{3545422E-4190-4CBC-8345-8822BA0C048B}.Release|Any CPU.Build.0 = Release|Any CPU
	EndGlobalSection
EndGlobal
